PODS:
  - Alamofire (5.6.4)
  - AlamofireImage (4.2.0):
    - Alamofire (~> 5.4)
  - SwiftyJSON (5.0.1)

DEPENDENCIES:
  - Alamofire
  - AlamofireImage
  - SwiftyJSON

SPEC REPOS:
  trunk:
    - Alamofire
    - AlamofireImage
    - SwiftyJSON

SPEC CHECKSUMS:
  Alamofire: 4e95d97098eacb88856099c4fc79b526a299e48c
  AlamofireImage: 34a2d90b0e5fe6a5605f85ae4b7b01e784c60192
  SwiftyJSON: 2f33a42c6fbc52764d96f13368585094bfd8aa5e

PODFILE CHECKSUM: 60fec5a507ac382af1fb6761c7f3a609286a2585

COCOAPODS: 1.11.3
